
Microsoft Visual Studio Solution File, Format Version 12.00
# Visual Studio Version 16
VisualStudioVersion = 16.0.30615.102
MinimumVisualStudioVersion = 10.0.40219.1
Project("{FAE04EC0-301F-11D3-BF4B-00C04F79EFBC}") = "FishBot", "FishBot\FishBot.csproj", "{4DF81013-383D-4E72-8095-050EB3F15397}"
EndProject
Global
	GlobalSection(SolutionConfigurationPlatforms) = preSolution
		Debug|Any CPU = Debug|Any CPU
		Release|Any CPU = Release|Any CPU
	EndGlobalSection
	GlobalSection(ProjectConfigurationPlatforms) = postSolution
		{4DF81013-383D-4E72-8095-050EB3F15397}.Debug|Any CPU.ActiveCfg = Debug|Any CPU
		{4DF81013-383D-4E72-8095-050EB3F15397}.Debug|Any CPU.Build.0 = Debug|Any CPU
		{4DF81013-383D-4E72-8095-050EB3F15397}.Release|Any CPU.ActiveCfg = Release|Any CPU
		{4DF81013-383D-4E72-8095-050EB3F15397}.Release|Any CPU.Build.0 = Release|Any CPU
	EndGlobalSection
	GlobalSection(SolutionProperties) = preSolution
		HideSolutionNode = FALSE
	EndGlobalSection
	GlobalSection(ExtensibilityGlobals) = postSolution
		SolutionGuid = {9BCF478A-3F27-4DA4-AB5A-2236798D8A3A}
	EndGlobalSection
EndGlobal
